{
  "version": "4",
  "specifiers": {
    "jsr:@libs/typing@2": "2.9.0",
    "jsr:@libs/xml@^5.4.9": "5.4.16"
  },
  "jsr": {
    "@libs/typing@2.9.0": {
      "integrity": "ddf35ea652b807cd9b19b4f3f163fb5d76d57299053753fbd01ba8b02d9306ad"
    },
    "@libs/xml@5.4.16": {
      "integrity": "6537b916340343261317a9f81693539a01e8530bc9896a6bbaa72d3a3cba798a",
      "dependencies": [
        "jsr:@libs/typing"
      ]
    }
  },
  "workspace": {
    "dependencies": [
      "jsr:@libs/xml@^5.4.9"
    ]
  }
}
